
Microsoft Visual Studio Solution File, Format Version 12.00
# Visual Studio Version 17
VisualStudioVersion = 17.13.35919.96 d17.13
MinimumVisualStudioVersion = 10.0.40219.1
Project("{8BC9CEB8-8B4A-11D0-8D11-00A0C91BC942}") = "Editor_Window", "Editor_Window.vcxproj", "{1A214EE8-38CB-4E3F-914C-94A588F5C3D5}"
EndProject
Project("{8BC9CEB8-8B4A-11D0-8D11-00A0C91BC942}") = "YamYamEngine_Window", "..\YamYamEngine_Window\YamYamEngine_Window.vcxproj", "{D6B72330-4F71-4437-B6A3-6BC75BF9FB39}"
EndProject
Project("{8BC9CEB8-8B4A-11D0-8D11-00A0C91BC942}") = "YamYamEngine_SOURCE", "..\YamYamEngine_SOURCE\YamYamEngine_SOURCE.vcxitems", "{09FD58B9-8E21-4AF3-9455-92D972DEEC19}"
EndProject
Global
	GlobalSection(SolutionConfigurationPlatforms) = preSolution
		Debug|x64 = Debug|x64
		Debug|x86 = Debug|x86
		Release|x64 = Release|x64
		Release|x86 = Release|x86
	EndGlobalSection
	GlobalSection(ProjectConfigurationPlatforms) = postSolution
		{1A214EE8-38CB-4E3F-914C-94A588F5C3D5}.Debug|x64.ActiveCfg = Debug|x64
		{1A214EE8-38CB-4E3F-914C-94A588F5C3D5}.Debug|x64.Build.0 = Debug|x64
		{1A214EE8-38CB-4E3F-914C-94A588F5C3D5}.Debug|x86.ActiveCfg = Debug|Win32
		{1A214EE8-38CB-4E3F-914C-94A588F5C3D5}.Debug|x86.Build.0 = Debug|Win32
		{1A214EE8-38CB-4E3F-914C-94A588F5C3D5}.Release|x64.ActiveCfg = Release|x64
		{1A214EE8-38CB-4E3F-914C-94A588F5C3D5}.Release|x64.Build.0 = Release|x64
		{1A214EE8-38CB-4E3F-914C-94A588F5C3D5}.Release|x86.ActiveCfg = Release|Win32
		{1A214EE8-38CB-4E3F-914C-94A588F5C3D5}.Release|x86.Build.0 = Release|Win32
		{D6B72330-4F71-4437-B6A3-6BC75BF9FB39}.Debug|x64.ActiveCfg = Debug|x64
		{D6B72330-4F71-4437-B6A3-6BC75BF9FB39}.Debug|x64.Build.0 = Debug|x64
		{D6B72330-4F71-4437-B6A3-6BC75BF9FB39}.Debug|x86.ActiveCfg = Debug|Win32
		{D6B72330-4F71-4437-B6A3-6BC75BF9FB39}.Debug|x86.Build.0 = Debug|Win32
		{D6B72330-4F71-4437-B6A3-6BC75BF9FB39}.Release|x64.ActiveCfg = Release|x64
		{D6B72330-4F71-4437-B6A3-6BC75BF9FB39}.Release|x64.Build.0 = Release|x64
		{D6B72330-4F71-4437-B6A3-6BC75BF9FB39}.Release|x86.ActiveCfg = Release|Win32
		{D6B72330-4F71-4437-B6A3-6BC75BF9FB39}.Release|x86.Build.0 = Release|Win32
	EndGlobalSection
	GlobalSection(SolutionProperties) = preSolution
		HideSolutionNode = FALSE
	EndGlobalSection
	GlobalSection(ExtensibilityGlobals) = postSolution
		SolutionGuid = {A17F90A9-60CA-43EC-8C8F-071DD15CEFFF}
	EndGlobalSection
EndGlobal
